
Microsoft Visual Studio Solution File, Format Version 12.00
# Visual Studio Version 16
VisualStudioVersion = 16.0.30523.141
MinimumVisualStudioVersion = 10.0.40219.1
Project("{8BC9CEB8-8B4A-11D0-8D11-00A0C91BC942}") = "Project1", "2018112028김지훈_week6\2018112028김지훈_week6.vcxproj", "{61E00BD9-DB23-4E79-8979-5C54A509F864}"
EndProject
Project("{8BC9CEB8-8B4A-11D0-8D11-00A0C91BC942}") = "Project2", "Project2\Project2.vcxproj", "{A559D342-0B05-400D-B1C7-F58AEE2C13DF}"
EndProject
Project("{8BC9CEB8-8B4A-11D0-8D11-00A0C91BC942}") = "Project3", "Project3\Project3.vcxproj", "{A1804FE7-1E42-4180-90D8-D92402316EDD}"
EndProject
Project("{8BC9CEB8-8B4A-11D0-8D11-00A0C91BC942}") = "Project4", "Project4\Project4.vcxproj", "{24ECC186-1884-40C8-A391-AB3E069069AF}"
EndProject
Global
	GlobalSection(SolutionConfigurationPlatforms) = preSolution
		Debug|x64 = Debug|x64
		Debug|x86 = Debug|x86
		Release|x64 = Release|x64
		Release|x86 = Release|x86
	EndGlobalSection
	GlobalSection(ProjectConfigurationPlatforms) = postSolution
		{61E00BD9-DB23-4E79-8979-5C54A509F864}.Debug|x64.ActiveCfg = Debug|x64
		{61E00BD9-DB23-4E79-8979-5C54A509F864}.Debug|x64.Build.0 = Debug|x64
		{61E00BD9-DB23-4E79-8979-5C54A509F864}.Debug|x86.ActiveCfg = Debug|Win32
		{61E00BD9-DB23-4E79-8979-5C54A509F864}.Debug|x86.Build.0 = Debug|Win32
		{61E00BD9-DB23-4E79-8979-5C54A509F864}.Release|x64.ActiveCfg = Release|x64
		{61E00BD9-DB23-4E79-8979-5C54A509F864}.Release|x64.Build.0 = Release|x64
		{61E00BD9-DB23-4E79-8979-5C54A509F864}.Release|x86.ActiveCfg = Release|Win32
		{61E00BD9-DB23-4E79-8979-5C54A509F864}.Release|x86.Build.0 = Release|Win32
		{A559D342-0B05-400D-B1C7-F58AEE2C13DF}.Debug|x64.ActiveCfg = Debug|x64
		{A559D342-0B05-400D-B1C7-F58AEE2C13DF}.Debug|x64.Build.0 = Debug|x64
		{A559D342-0B05-400D-B1C7-F58AEE2C13DF}.Debug|x86.ActiveCfg = Debug|Win32
		{A559D342-0B05-400D-B1C7-F58AEE2C13DF}.Debug|x86.Build.0 = Debug|Win32
		{A559D342-0B05-400D-B1C7-F58AEE2C13DF}.Release|x64.ActiveCfg = Release|x64
		{A559D342-0B05-400D-B1C7-F58AEE2C13DF}.Release|x64.Build.0 = Release|x64
		{A559D342-0B05-400D-B1C7-F58AEE2C13DF}.Release|x86.ActiveCfg = Release|Win32
		{A559D342-0B05-400D-B1C7-F58AEE2C13DF}.Release|x86.Build.0 = Release|Win32
		{A1804FE7-1E42-4180-90D8-D92402316EDD}.Debug|x64.ActiveCfg = Debug|x64
		{A1804FE7-1E42-4180-90D8-D92402316EDD}.Debug|x64.Build.0 = Debug|x64
		{A1804FE7-1E42-4180-90D8-D92402316EDD}.Debug|x86.ActiveCfg = Debug|Win32
		{A1804FE7-1E42-4180-90D8-D92402316EDD}.Debug|x86.Build.0 = Debug|Win32
		{A1804FE7-1E42-4180-90D8-D92402316EDD}.Release|x64.ActiveCfg = Release|x64
		{A1804FE7-1E42-4180-90D8-D92402316EDD}.Release|x64.Build.0 = Release|x64
		{A1804FE7-1E42-4180-90D8-D92402316EDD}.Release|x86.ActiveCfg = Release|Win32
		{A1804FE7-1E42-4180-90D8-D92402316EDD}.Release|x86.Build.0 = Release|Win32
		{24ECC186-1884-40C8-A391-AB3E069069AF}.Debug|x64.ActiveCfg = Debug|x64
		{24ECC186-1884-40C8-A391-AB3E069069AF}.Debug|x64.Build.0 = Debug|x64
		{24ECC186-1884-40C8-A391-AB3E069069AF}.Debug|x86.ActiveCfg = Debug|Win32
		{24ECC186-1884-40C8-A391-AB3E069069AF}.Debug|x86.Build.0 = Debug|Win32
		{24ECC186-1884-40C8-A391-AB3E069069AF}.Release|x64.ActiveCfg = Release|x64
		{24ECC186-1884-40C8-A391-AB3E069069AF}.Release|x64.Build.0 = Release|x64
		{24ECC186-1884-40C8-A391-AB3E069069AF}.Release|x86.ActiveCfg = Release|Win32
		{24ECC186-1884-40C8-A391-AB3E069069AF}.Release|x86.Build.0 = Release|Win32
	EndGlobalSection
	GlobalSection(SolutionProperties) = preSolution
		HideSolutionNode = FALSE
	EndGlobalSection
	GlobalSection(ExtensibilityGlobals) = postSolution
		SolutionGuid = {D1E28D24-E6EC-4877-84B6-69A75FDB0127}
	EndGlobalSection
EndGlobal
